
Microsoft Visual Studio Solution File, Format Version 12.00
# Visual Studio Version 17
VisualStudioVersion = 17.10.35122.118
MinimumVisualStudioVersion = 10.0.40219.1
Project("{FAE04EC0-301F-11D3-BF4B-00C04F79EFBC}") = "Curupira.AppClient", "Curupira.AppClient\Curupira.AppClient.csproj", "{01FEC164-EA0B-4947-BE52-D4AB9EC414E8}"
EndProject
Project("{FAE04EC0-301F-11D3-BF4B-00C04F79EFBC}") = "Curupira.Plugins.Contract", "Curupira.Plugins.Contract\Curupira.Plugins.Contract.csproj", "{ABFD97F5-058C-4516-9EA0-5C40F3CBFE83}"
EndProject
Project("{FAE04EC0-301F-11D3-BF4B-00C04F79EFBC}") = "Curupira.Plugins.FoldersCreator", "Curupira.Plugins.FoldersCreator\Curupira.Plugins.FoldersCreator.csproj", "{424F6D8E-7EEC-46BE-80D6-E637F56FA424}"
EndProject
Project("{FAE04EC0-301F-11D3-BF4B-00C04F79EFBC}") = "Curupira.Plugins.Common", "Curupira.Plugins.Common\Curupira.Plugins.Common.csproj", "{085D9F87-CB58-4534-A247-D54C9A6E03B0}"
EndProject
Project("{FAE04EC0-301F-11D3-BF4B-00C04F79EFBC}") = "Curupira.Plugins.Backup", "Curupira.Plugins.Backup\Curupira.Plugins.Backup.csproj", "{D46FC68F-4501-45D4-BBE5-56E44FD6FECB}"
EndProject
Project("{FAE04EC0-301F-11D3-BF4B-00C04F79EFBC}") = "Curupira.Plugins.ServiceManager", "Curupira.Plugins.ServiceManager\Curupira.Plugins.ServiceManager.csproj", "{B6793103-4F09-47BF-AB2B-DF02A8DA8CA5}"
EndProject
Project("{FAE04EC0-301F-11D3-BF4B-00C04F79EFBC}") = "Curupira.Plugins.Installer", "Curupira.Plugins.Installer\Curupira.Plugins.Installer.csproj", "{5AD1561A-8D9F-4087-BD72-7E33F0E68F54}"
EndProject
Project("{FAE04EC0-301F-11D3-BF4B-00C04F79EFBC}") = "Curupira.WindowsService", "Curupira.WindowsService\Curupira.WindowsService.csproj", "{8A70E6B0-F650-407C-A828-1AF31C95D8CB}"
EndProject
Project("{FAE04EC0-301F-11D3-BF4B-00C04F79EFBC}") = "Curupira.Plugins.IoC", "Curupira.Plugins.IoC\Curupira.Plugins.IoC.csproj", "{B041B98E-2C44-41D0-95D0-985C8DF865AB}"
EndProject
Project("{2150E333-8FDC-42A3-9474-1A3956D46DE8}") = "Solution Items", "Solution Items", "{E481BAE5-BF18-4DFD-A964-42BCE93D7F69}"
	ProjectSection(SolutionItems) = preProject
		.gitattributes = .gitattributes
		.gitignore = .gitignore
		build-common.ps1 = build-common.ps1
		build-console.proj = build-console.proj
		build-console.ps1 = build-console.ps1
		build-service.proj = build-service.proj
		build-service.ps1 = build-service.ps1
		LICENSE.txt = LICENSE.txt
		README.md = README.md
		vstest.console.bat = vstest.console.bat
	EndProjectSection
EndProject
Project("{2150E333-8FDC-42A3-9474-1A3956D46DE8}") = ".github", ".github", "{5F34DCA5-FF83-4BE4-A4AF-E5D98494B3CB}"
EndProject
Project("{2150E333-8FDC-42A3-9474-1A3956D46DE8}") = "workflows", "workflows", "{CB159252-0C48-4061-A514-801967243A63}"
	ProjectSection(SolutionItems) = preProject
		.github\workflows\codeql.yml = .github\workflows\codeql.yml
		.github\workflows\curupira-console.yml = .github\workflows\curupira-console.yml
		.github\workflows\curupira-service.yml = .github\workflows\curupira-service.yml
	EndProjectSection
EndProject
Project("{2150E333-8FDC-42A3-9474-1A3956D46DE8}") = "ISSUE_TEMPLATE", "ISSUE_TEMPLATE", "{41C99531-82DF-47BA-B1CC-191C1720A7BA}"
	ProjectSection(SolutionItems) = preProject
		.github\ISSUE_TEMPLATE\bug_report.md = .github\ISSUE_TEMPLATE\bug_report.md
		.github\ISSUE_TEMPLATE\feature_request.md = .github\ISSUE_TEMPLATE\feature_request.md
	EndProjectSection
EndProject
Project("{FAE04EC0-301F-11D3-BF4B-00C04F79EFBC}") = "Curupira.AppClient.Tests", "Curupira.AppClient.Tests\Curupira.AppClient.Tests.csproj", "{B63AD9FD-FDDE-4A83-B8F8-A71119E4A30B}"
EndProject
Project("{FAE04EC0-301F-11D3-BF4B-00C04F79EFBC}") = "Curupira.Plugins.Tests", "Curupira.Plugins.Tests\Curupira.Plugins.Tests.csproj", "{CD36B827-5C6D-48D3-874A-BAA712B2118E}"
EndProject
Project("{FAE04EC0-301F-11D3-BF4B-00C04F79EFBC}") = "Curupira.WindowsService.Tests", "Curupira.WindowsService.Tests\Curupira.WindowsService.Tests.csproj", "{0432F00E-30FB-49A2-8288-47B2B3554DBF}"
EndProject
Project("{2150E333-8FDC-42A3-9474-1A3956D46DE8}") = "2 - Console", "2 - Console", "{C894F507-26DD-473B-BA97-0EA7074D418A}"
EndProject
Project("{2150E333-8FDC-42A3-9474-1A3956D46DE8}") = "1 - Plugins", "1 - Plugins", "{378EE8DA-08F4-4156-A7B8-FF49096315F1}"
EndProject
Project("{2150E333-8FDC-42A3-9474-1A3956D46DE8}") = "3 - REST API", "3 - REST API", "{371F3D84-17C5-4C41-B87D-E3E2CA6DD470}"
EndProject
Global
	GlobalSection(SolutionConfigurationPlatforms) = preSolution
		Debug|Any CPU = Debug|Any CPU
		Release|Any CPU = Release|Any CPU
	EndGlobalSection
	GlobalSection(ProjectConfigurationPlatforms) = postSolution
		{01FEC164-EA0B-4947-BE52-D4AB9EC414E8}.Debug|Any CPU.ActiveCfg = Debug|Any CPU
		{01FEC164-EA0B-4947-BE52-D4AB9EC414E8}.Debug|Any CPU.Build.0 = Debug|Any CPU
		{01FEC164-EA0B-4947-BE52-D4AB9EC414E8}.Release|Any CPU.ActiveCfg = Release|Any CPU
		{01FEC164-EA0B-4947-BE52-D4AB9EC414E8}.Release|Any CPU.Build.0 = Release|Any CPU
		{ABFD97F5-058C-4516-9EA0-5C40F3CBFE83}.Debug|Any CPU.ActiveCfg = Debug|Any CPU
		{ABFD97F5-058C-4516-9EA0-5C40F3CBFE83}.Debug|Any CPU.Build.0 = Debug|Any CPU
		{ABFD97F5-058C-4516-9EA0-5C40F3CBFE83}.Release|Any CPU.ActiveCfg = Release|Any CPU
		{ABFD97F5-058C-4516-9EA0-5C40F3CBFE83}.Release|Any CPU.Build.0 = Release|Any CPU
		{424F6D8E-7EEC-46BE-80D6-E637F56FA424}.Debug|Any CPU.ActiveCfg = Debug|Any CPU
		{424F6D8E-7EEC-46BE-80D6-E637F56FA424}.Debug|Any CPU.Build.0 = Debug|Any CPU
		{424F6D8E-7EEC-46BE-80D6-E637F56FA424}.Release|Any CPU.ActiveCfg = Release|Any CPU
		{424F6D8E-7EEC-46BE-80D6-E637F56FA424}.Release|Any CPU.Build.0 = Release|Any CPU
		{085D9F87-CB58-4534-A247-D54C9A6E03B0}.Debug|Any CPU.ActiveCfg = Debug|Any CPU
		{085D9F87-CB58-4534-A247-D54C9A6E03B0}.Debug|Any CPU.Build.0 = Debug|Any CPU
		{085D9F87-CB58-4534-A247-D54C9A6E03B0}.Release|Any CPU.ActiveCfg = Release|Any CPU
		{085D9F87-CB58-4534-A247-D54C9A6E03B0}.Release|Any CPU.Build.0 = Release|Any CPU
		{D46FC68F-4501-45D4-BBE5-56E44FD6FECB}.Debug|Any CPU.ActiveCfg = Debug|Any CPU
		{D46FC68F-4501-45D4-BBE5-56E44FD6FECB}.Debug|Any CPU.Build.0 = Debug|Any CPU
		{D46FC68F-4501-45D4-BBE5-56E44FD6FECB}.Release|Any CPU.ActiveCfg = Release|Any CPU
		{D46FC68F-4501-45D4-BBE5-56E44FD6FECB}.Release|Any CPU.Build.0 = Release|Any CPU
		{B6793103-4F09-47BF-AB2B-DF02A8DA8CA5}.Debug|Any CPU.ActiveCfg = Debug|Any CPU
		{B6793103-4F09-47BF-AB2B-DF02A8DA8CA5}.Debug|Any CPU.Build.0 = Debug|Any CPU
		{B6793103-4F09-47BF-AB2B-DF02A8DA8CA5}.Release|Any CPU.ActiveCfg = Release|Any CPU
		{B6793103-4F09-47BF-AB2B-DF02A8DA8CA5}.Release|Any CPU.Build.0 = Release|Any CPU
		{5AD1561A-8D9F-4087-BD72-7E33F0E68F54}.Debug|Any CPU.ActiveCfg = Debug|Any CPU
		{5AD1561A-8D9F-4087-BD72-7E33F0E68F54}.Debug|Any CPU.Build.0 = Debug|Any CPU
		{5AD1561A-8D9F-4087-BD72-7E33F0E68F54}.Release|Any CPU.ActiveCfg = Release|Any CPU
		{5AD1561A-8D9F-4087-BD72-7E33F0E68F54}.Release|Any CPU.Build.0 = Release|Any CPU
		{8A70E6B0-F650-407C-A828-1AF31C95D8CB}.Debug|Any CPU.ActiveCfg = Debug|Any CPU
		{8A70E6B0-F650-407C-A828-1AF31C95D8CB}.Debug|Any CPU.Build.0 = Debug|Any CPU
		{8A70E6B0-F650-407C-A828-1AF31C95D8CB}.Release|Any CPU.ActiveCfg = Release|Any CPU
		{8A70E6B0-F650-407C-A828-1AF31C95D8CB}.Release|Any CPU.Build.0 = Release|Any CPU
		{B041B98E-2C44-41D0-95D0-985C8DF865AB}.Debug|Any CPU.ActiveCfg = Debug|Any CPU
		{B041B98E-2C44-41D0-95D0-985C8DF865AB}.Debug|Any CPU.Build.0 = Debug|Any CPU
		{B041B98E-2C44-41D0-95D0-985C8DF865AB}.Release|Any CPU.ActiveCfg = Release|Any CPU
		{B041B98E-2C44-41D0-95D0-985C8DF865AB}.Release|Any CPU.Build.0 = Release|Any CPU
		{B63AD9FD-FDDE-4A83-B8F8-A71119E4A30B}.Debug|Any CPU.ActiveCfg = Debug|Any CPU
		{B63AD9FD-FDDE-4A83-B8F8-A71119E4A30B}.Debug|Any CPU.Build.0 = Debug|Any CPU
		{B63AD9FD-FDDE-4A83-B8F8-A71119E4A30B}.Release|Any CPU.ActiveCfg = Release|Any CPU
		{B63AD9FD-FDDE-4A83-B8F8-A71119E4A30B}.Release|Any CPU.Build.0 = Release|Any CPU
		{CD36B827-5C6D-48D3-874A-BAA712B2118E}.Debug|Any CPU.ActiveCfg = Debug|Any CPU
		{CD36B827-5C6D-48D3-874A-BAA712B2118E}.Debug|Any CPU.Build.0 = Debug|Any CPU
		{CD36B827-5C6D-48D3-874A-BAA712B2118E}.Release|Any CPU.ActiveCfg = Release|Any CPU
		{CD36B827-5C6D-48D3-874A-BAA712B2118E}.Release|Any CPU.Build.0 = Release|Any CPU
		{0432F00E-30FB-49A2-8288-47B2B3554DBF}.Debug|Any CPU.ActiveCfg = Debug|Any CPU
		{0432F00E-30FB-49A2-8288-47B2B3554DBF}.Debug|Any CPU.Build.0 = Debug|Any CPU
		{0432F00E-30FB-49A2-8288-47B2B3554DBF}.Release|Any CPU.ActiveCfg = Release|Any CPU
		{0432F00E-30FB-49A2-8288-47B2B3554DBF}.Release|Any CPU.Build.0 = Release|Any CPU
	EndGlobalSection
	GlobalSection(SolutionProperties) = preSolution
		HideSolutionNode = FALSE
	EndGlobalSection
	GlobalSection(NestedProjects) = preSolution
		{01FEC164-EA0B-4947-BE52-D4AB9EC414E8} = {C894F507-26DD-473B-BA97-0EA7074D418A}
		{ABFD97F5-058C-4516-9EA0-5C40F3CBFE83} = {378EE8DA-08F4-4156-A7B8-FF49096315F1}
		{424F6D8E-7EEC-46BE-80D6-E637F56FA424} = {378EE8DA-08F4-4156-A7B8-FF49096315F1}
		{085D9F87-CB58-4534-A247-D54C9A6E03B0} = {378EE8DA-08F4-4156-A7B8-FF49096315F1}
		{D46FC68F-4501-45D4-BBE5-56E44FD6FECB} = {378EE8DA-08F4-4156-A7B8-FF49096315F1}
		{B6793103-4F09-47BF-AB2B-DF02A8DA8CA5} = {378EE8DA-08F4-4156-A7B8-FF49096315F1}
		{5AD1561A-8D9F-4087-BD72-7E33F0E68F54} = {378EE8DA-08F4-4156-A7B8-FF49096315F1}
		{8A70E6B0-F650-407C-A828-1AF31C95D8CB} = {371F3D84-17C5-4C41-B87D-E3E2CA6DD470}
		{B041B98E-2C44-41D0-95D0-985C8DF865AB} = {378EE8DA-08F4-4156-A7B8-FF49096315F1}
		{CB159252-0C48-4061-A514-801967243A63} = {5F34DCA5-FF83-4BE4-A4AF-E5D98494B3CB}
		{41C99531-82DF-47BA-B1CC-191C1720A7BA} = {5F34DCA5-FF83-4BE4-A4AF-E5D98494B3CB}
		{B63AD9FD-FDDE-4A83-B8F8-A71119E4A30B} = {C894F507-26DD-473B-BA97-0EA7074D418A}
		{CD36B827-5C6D-48D3-874A-BAA712B2118E} = {378EE8DA-08F4-4156-A7B8-FF49096315F1}
		{0432F00E-30FB-49A2-8288-47B2B3554DBF} = {371F3D84-17C5-4C41-B87D-E3E2CA6DD470}
	EndGlobalSection
	GlobalSection(ExtensibilityGlobals) = postSolution
		SolutionGuid = {ECCDF13C-B254-48FD-AA24-37865442E510}
	EndGlobalSection
EndGlobal
